// !$*UTF8*$!
{
	archiveVersion = 1;
	classes = {
	};
	objectVersion = 50;
	objects = {

/* Begin PBXBuildFile section */
		8F8D54E522CF0C6700C62BBF /* AppDelegate.m in Sources */ = {isa = PBXBuildFile; fileRef = 8F8D54E422CF0C6700C62BBF /* AppDelegate.m */; };
		8F8D54E822CF0C6700C62BBF /* ViewController.m in Sources */ = {isa = PBXBuildFile; fileRef = 8F8D54E722CF0C6700C62BBF /* ViewController.m */; };
		8F8D54EA22CF0C6800C62BBF /* Assets.xcassets in Resources */ = {isa = PBXBuildFile; fileRef = 8F8D54E922CF0C6800C62BBF /* Assets.xcassets */; };
		8F8D54ED22CF0C6800C62BBF /* Main.storyboard in Resources */ = {isa = PBXBuildFile; fileRef = 8F8D54EB22CF0C6800C62BBF /* Main.storyboard */; };
		8F8D54F022CF0C6800C62BBF /* main.m in Sources */ = {isa = PBXBuildFile; fileRef = 8F8D54EF22CF0C6800C62BBF /* main.m */; };
		8F8D54FB22CF0C6800C62BBF /* AmazonScraperTests.m in Sources */ = {isa = PBXBuildFile; fileRef = 8F8D54FA22CF0C6800C62BBF /* AmazonScraperTests.m */; };
		8F8D550622CF0C6800C62BBF /* AmazonScraperUITests.m in Sources */ = {isa = PBXBuildFile; fileRef = 8F8D550522CF0C6800C62BBF /* AmazonScraperUITests.m */; };
/* End PBXBuildFile section */

/* Begin PBXContainerItemProxy section */
		8F8D54F722CF0C6800C62BBF /* PBXContainerItemProxy */ = {
			isa = PBXContainerItemProxy;
			containerPortal = 8F8D54D822CF0C6700C62BBF /* Project object */;
			proxyType = 1;
			remoteGlobalIDString = 8F8D54DF22CF0C6700C62BBF;
			remoteInfo = AmazonScraper;
		};
		8F8D550222CF0C6800C62BBF /* PBXContainerItemProxy */ = {
			isa = PBXContainerItemProxy;
			containerPortal = 8F8D54D822CF0C6700C62BBF /* Project object */;
			proxyType = 1;
			remoteGlobalIDString = 8F8D54DF22CF0C6700C62BBF;
			remoteInfo = AmazonScraper;
		};
/* End PBXContainerItemProxy section */

/* Begin PBXFileReference section */
		8F8D54E022CF0C6700C62BBF /* AmazonScraper.app */ = {isa = PBXFileReference; explicitFileType = wrapper.application; includeInIndex = 0; path = AmazonScraper.app; sourceTree = BUILT_PRODUCTS_DIR; };
		8F8D54E322CF0C6700C62BBF /* AppDelegate.h */ = {isa = PBXFileReference; lastKnownFileType = sourcecode.c.h; path = AppDelegate.h; sourceTree = "<group>"; };
		8F8D54E422CF0C6700C62BBF /* AppDelegate.m */ = {isa = PBXFileReference; lastKnownFileType = sourcecode.c.objc; path = AppDelegate.m; sourceTree = "<group>"; };
		8F8D54E622CF0C6700C62BBF /* ViewController.h */ = {isa = PBXFileReference; lastKnownFileType = sourcecode.c.h; path = ViewController.h; sourceTree = "<group>"; };
		8F8D54E722CF0C6700C62BBF /* ViewController.m */ = {isa = PBXFileReference; lastKnownFileType = sourcecode.c.objc; path = ViewController.m; sourceTree = "<group>"; };
		8F8D54E922CF0C6800C62BBF /* Assets.xcassets */ = {isa = PBXFileReference; lastKnownFileType = folder.assetcatalog; path = Assets.xcassets; sourceTree = "<group>"; };
		8F8D54EC22CF0C6800C62BBF /* Base */ = {isa = PBXFileReference; lastKnownFileType = file.storyboard; name = Base; path = Base.lproj/Main.storyboard; sourceTree = "<group>"; };
		8F8D54EE22CF0C6800C62BBF /* Info.plist */ = {isa = PBXFileReference; lastKnownFileType = text.plist.xml; path = Info.plist; sourceTree = "<group>"; };
		8F8D54EF22CF0C6800C62BBF /* main.m */ = {isa = PBXFileReference; lastKnownFileType = sourcecode.c.objc; path = main.m; sourceTree = "<group>"; };
		8F8D54F122CF0C6800C62BBF /* AmazonScraper.entitlements */ = {isa = PBXFileReference; lastKnownFileType = text.plist.entitlements; path = AmazonScraper.entitlements; sourceTree = "<group>"; };
		8F8D54F622CF0C6800C62BBF /* AmazonScraperTests.xctest */ = {isa = PBXFileReference; explicitFileType = wrapper.cfbundle; includeInIndex = 0; path = AmazonScraperTests.xctest; sourceTree = BUILT_PRODUCTS_DIR; };
		8F8D54FA22CF0C6800C62BBF /* AmazonScraperTests.m */ = {isa = PBXFileReference; lastKnownFileType = sourcecode.c.objc; path = AmazonScraperTests.m; sourceTree = "<group>"; };
		8F8D54FC22CF0C6800C62BBF /* Info.plist */ = {isa = PBXFileReference; lastKnownFileType = text.plist.xml; path = Info.plist; sourceTree = "<group>"; };
		8F8D550122CF0C6800C62BBF /* AmazonScraperUITests.xctest */ = {isa = PBXFileReference; explicitFileType = wrapper.cfbundle; includeInIndex = 0; path = AmazonScraperUITests.xctest; sourceTree = BUILT_PRODUCTS_DIR; };
		8F8D550522CF0C6800C62BBF /* AmazonScraperUITests.m */ = {isa = PBXFileReference; lastKnownFileType = sourcecode.c.objc; path = AmazonScraperUITests.m; sourceTree = "<group>"; };
		8F8D550722CF0C6800C62BBF /* Info.plist */ = {isa = PBXFileReference; lastKnownFileType = text.plist.xml; path = Info.plist; sourceTree = "<group>"; };
/* End PBXFileReference section */

/* Begin PBXFrameworksBuildPhase section */
		8F8D54DD22CF0C6700C62BBF /* Frameworks */ = {
			isa = PBXFrameworksBuildPhase;
			buildActionMask = 2147483647;
			files = (
			);
			runOnlyForDeploymentPostprocessing = 0;
		};
		8F8D54F322CF0C6800C62BBF /* Frameworks */ = {
			isa = PBXFrameworksBuildPhase;
			buildActionMask = 2147483647;
			files = (
			);
			runOnlyForDeploymentPostprocessing = 0;
		};
		8F8D54FE22CF0C6800C62BBF /* Frameworks */ = {
			isa = PBXFrameworksBuildPhase;
			buildActionMask = 2147483647;
			files = (
			);
			runOnlyForDeploymentPostprocessing = 0;
		};
/* End PBXFrameworksBuildPhase section */

/* Begin PBXGroup section */
		8F8D54D722CF0C6700C62BBF = {
			isa = PBXGroup;
			children = (
				8F8D54E222CF0C6700C62BBF /* AmazonScraper */,
				8F8D54F922CF0C6800C62BBF /* AmazonScraperTests */,
				8F8D550422CF0C6800C62BBF /* AmazonScraperUITests */,
				8F8D54E122CF0C6700C62BBF /* Products */,
			);
			sourceTree = "<group>";
		};
		8F8D54E122CF0C6700C62BBF /* Products */ = {
			isa = PBXGroup;
			children = (
				8F8D54E022CF0C6700C62BBF /* AmazonScraper.app */,
				8F8D54F622CF0C6800C62BBF /* AmazonScraperTests.xctest */,
				8F8D550122CF0C6800C62BBF /* AmazonScraperUITests.xctest */,
			);
			name = Products;
			sourceTree = "<group>";
		};
		8F8D54E222CF0C6700C62BBF /* AmazonScraper */ = {
			isa = PBXGroup;
			children = (
				8F8D54E322CF0C6700C62BBF /* AppDelegate.h */,
				8F8D54E422CF0C6700C62BBF /* AppDelegate.m */,
				8F8D54E622CF0C6700C62BBF /* ViewController.h */,
				8F8D54E722CF0C6700C62BBF /* ViewController.m */,
				8F8D54E922CF0C6800C62BBF /* Assets.xcassets */,
				8F8D54EB22CF0C6800C62BBF /* Main.storyboard */,
				8F8D54EE22CF0C6800C62BBF /* Info.plist */,
				8F8D54EF22CF0C6800C62BBF /* main.m */,
				8F8D54F122CF0C6800C62BBF /* AmazonScraper.entitlements */,
			);
			path = AmazonScraper;
			sourceTree = "<group>";
		};
		8F8D54F922CF0C6800C62BBF /* AmazonScraperTests */ = {
			isa = PBXGroup;
			children = (
				8F8D54FA22CF0C6800C62BBF /* AmazonScraperTests.m */,
				8F8D54FC22CF0C6800C62BBF /* Info.plist */,
			);
			path = AmazonScraperTests;
			sourceTree = "<group>";
		};
		8F8D550422CF0C6800C62BBF /* AmazonScraperUITests */ = {
			isa = PBXGroup;
			children = (
				8F8D550522CF0C6800C62BBF /* AmazonScraperUITests.m */,
				8F8D550722CF0C6800C62BBF /* Info.plist */,
			);
			path = AmazonScraperUITests;
			sourceTree = "<group>";
		};
/* End PBXGroup section */

/* Begin PBXNativeTarget section */
		8F8D54DF22CF0C6700C62BBF /* AmazonScraper */ = {
			isa = PBXNativeTarget;
			buildConfigurationList = 8F8D550A22CF0C6800C62BBF /* Build configuration list for PBXNativeTarget "AmazonScraper" */;
			buildPhases = (
				8F8D54DC22CF0C6700C62BBF /* Sources */,
				8F8D54DD22CF0C6700C62BBF /* Frameworks */,
				8F8D54DE22CF0C6700C62BBF /* Resources */,
			);
			buildRules = (
			);
			dependencies = (
			);
			name = AmazonScraper;
			productName = AmazonScraper;
			productReference = 8F8D54E022CF0C6700C62BBF /* AmazonScraper.app */;
			productType = "com.apple.product-type.application";
		};
		8F8D54F522CF0C6800C62BBF /* AmazonScraperTests */ = {
			isa = PBXNativeTarget;
			buildConfigurationList = 8F8D550D22CF0C6800C62BBF /* Build configuration list for PBXNativeTarget "AmazonScraperTests" */;
			buildPhases = (
				8F8D54F222CF0C6800C62BBF /* Sources */,
				8F8D54F322CF0C6800C62BBF /* Frameworks */,
				8F8D54F422CF0C6800C62BBF /* Resources */,
			);
			buildRules = (
			);
			dependencies = (
				8F8D54F822CF0C6800C62BBF /* PBXTargetDependency */,
			);
			name = AmazonScraperTests;
			productName = AmazonScraperTests;
			productReference = 8F8D54F622CF0C6800C62BBF /* AmazonScraperTests.xctest */;
			productType = "com.apple.product-type.bundle.unit-test";
		};
		8F8D550022CF0C6800C62BBF /* AmazonScraperUITests */ = {
			isa = PBXNativeTarget;
			buildConfigurationList = 8F8D551022CF0C6800C62BBF /* Build configuration list for PBXNativeTarget "AmazonScraperUITests" */;
			buildPhases = (
				8F8D54FD22CF0C6800C62BBF /* Sources */,
				8F8D54FE22CF0C6800C62BBF /* Frameworks */,
				8F8D54FF22CF0C6800C62BBF /* Resources */,
			);
			buildRules = (
			);
			dependencies = (
				8F8D550322CF0C6800C62BBF /* PBXTargetDependency */,
			);
			name = AmazonScraperUITests;
			productName = AmazonScraperUITests;
			productReference = 8F8D550122CF0C6800C62BBF /* AmazonScraperUITests.xctest */;
			productType = "com.apple.product-type.bundle.ui-testing";
		};
/* End PBXNativeTarget section */

/* Begin PBXProject section */
		8F8D54D822CF0C6700C62BBF /* Project object */ = {
			isa = PBXProject;
			attributes = {
				LastUpgradeCheck = 1020;
				ORGANIZATIONNAME = "Michael Kennedy";
				TargetAttributes = {
					8F8D54DF22CF0C6700C62BBF = {
						CreatedOnToolsVersion = 10.2.1;
						SystemCapabilities = {
							com.apple.Sandbox = {
								enabled = 1;
							};
						};
					};
					8F8D54F522CF0C6800C62BBF = {
						CreatedOnToolsVersion = 10.2.1;
						TestTargetID = 8F8D54DF22CF0C6700C62BBF;
					};
					8F8D550022CF0C6800C62BBF = {
						CreatedOnToolsVersion = 10.2.1;
						TestTargetID = 8F8D54DF22CF0C6700C62BBF;
					};
				};
			};
			buildConfigurationList = 8F8D54DB22CF0C6700C62BBF /* Build configuration list for PBXProject "AmazonScraper" */;
			compatibilityVersion = "Xcode 9.3";
			developmentRegion = en;
			hasScannedForEncodings = 0;
			knownRegions = (
				en,
				Base,
			);
			mainGroup = 8F8D54D722CF0C6700C62BBF;
			productRefGroup = 8F8D54E122CF0C6700C62BBF /* Products */;
			projectDirPath = "";
			projectRoot = "";
			targets = (
				8F8D54DF22CF0C6700C62BBF /* AmazonScraper */,
				8F8D54F522CF0C6800C62BBF /* AmazonScraperTests */,
				8F8D550022CF0C6800C62BBF /* AmazonScraperUITests */,
			);
		};
/* End PBXProject section */

/* Begin PBXResourcesBuildPhase section */
		8F8D54DE22CF0C6700C62BBF /* Resources */ = {
			isa = PBXResourcesBuildPhase;
			buildActionMask = 2147483647;
			files = (
				8F8D54EA22CF0C6800C62BBF /* Assets.xcassets in Resources */,
				8F8D54ED22CF0C6800C62BBF /* Main.storyboard in Resources */,
			);
			runOnlyForDeploymentPostprocessing = 0;
		};
		8F8D54F422CF0C6800C62BBF /* Resources */ = {
			isa = PBXResourcesBuildPhase;
			buildActionMask = 2147483647;
			files = (
			);
			runOnlyForDeploymentPostprocessing = 0;
		};
		8F8D54FF22CF0C6800C62BBF /* Resources */ = {
			isa = PBXResourcesBuildPhase;
			buildActionMask = 2147483647;
			files = (
			);
			runOnlyForDeploymentPostprocessing = 0;
		};
/* End PBXResourcesBuildPhase section */

/* Begin PBXSourcesBuildPhase section */
		8F8D54DC22CF0C6700C62BBF /* Sources */ = {
			isa = PBXSourcesBuildPhase;
			buildActionMask = 2147483647;
			files = (
				8F8D54E822CF0C6700C62BBF /* ViewController.m in Sources */,
				8F8D54F022CF0C6800C62BBF /* main.m in Sources */,
				8F8D54E522CF0C6700C62BBF /* AppDelegate.m in Sources */,
			);
			runOnlyForDeploymentPostprocessing = 0;
		};
		8F8D54F222CF0C6800C62BBF /* Sources */ = {
			isa = PBXSourcesBuildPhase;
			buildActionMask = 2147483647;
			files = (
				8F8D54FB22CF0C6800C62BBF /* AmazonScraperTests.m in Sources */,
			);
			runOnlyForDeploymentPostprocessing = 0;
		};
		8F8D54FD22CF0C6800C62BBF /* Sources */ = {
			isa = PBXSourcesBuildPhase;
			buildActionMask = 2147483647;
			files = (
				8F8D550622CF0C6800C62BBF /* AmazonScraperUITests.m in Sources */,
			);
			runOnlyForDeploymentPostprocessing = 0;
		};
/* End PBXSourcesBuildPhase section */

/* Begin PBXTargetDependency section */
		8F8D54F822CF0C6800C62BBF /* PBXTargetDependency */ = {
			isa = PBXTargetDependency;
			target = 8F8D54DF22CF0C6700C62BBF /* AmazonScraper */;
			targetProxy = 8F8D54F722CF0C6800C62BBF /* PBXContainerItemProxy */;
		};
		8F8D550322CF0C6800C62BBF /* PBXTargetDependency */ = {
			isa = PBXTargetDependency;
			target = 8F8D54DF22CF0C6700C62BBF /* AmazonScraper */;
			targetProxy = 8F8D550222CF0C6800C62BBF /* PBXContainerItemProxy */;
		};
/* End PBXTargetDependency section */

/* Begin PBXVariantGroup section */
		8F8D54EB22CF0C6800C62BBF /* Main.storyboard */ = {
			isa = PBXVariantGroup;
			children = (
				8F8D54EC22CF0C6800C62BBF /* Base */,
			);
			name = Main.storyboard;
			sourceTree = "<group>";
		};
/* End PBXVariantGroup section */

/* Begin XCBuildConfiguration section */
		8F8D550822CF0C6800C62BBF /* Debug */ = {
			isa = XCBuildConfiguration;
			buildSettings = {
				ALWAYS_SEARCH_USER_PATHS = NO;
				CLANG_ANALYZER_NONNULL = YES;
				CLANG_ANALYZER_NUMBER_OBJECT_CONVERSION = YES_AGGRESSIVE;
				CLANG_CXX_LANGUAGE_STANDARD = "gnu++14";
				CLANG_CXX_LIBRARY = "libc++";
				CLANG_ENABLE_MODULES = YES;
				CLANG_ENABLE_OBJC_ARC = YES;
				CLANG_ENABLE_OBJC_WEAK = YES;
				CLANG_WARN_BLOCK_CAPTURE_AUTORELEASING = YES;
				CLANG_WARN_BOOL_CONVERSION = YES;
				CLANG_WARN_COMMA = YES;
				CLANG_WARN_CONSTANT_CONVERSION = YES;
				CLANG_WARN_DEPRECATED_OBJC_IMPLEMENTATIONS = YES;
				CLANG_WARN_DIRECT_OBJC_ISA_USAGE = YES_ERROR;
				CLANG_WARN_DOCUMENTATION_COMMENTS = YES;
				CLANG_WARN_EMPTY_BODY = YES;
				CLANG_WARN_ENUM_CONVERSION = YES;
				CLANG_WARN_INFINITE_RECURSION = YES;
				CLANG_WARN_INT_CONVERSION = YES;
				CLANG_WARN_NON_LITERAL_NULL_CONVERSION = YES;
				CLANG_WARN_OBJC_IMPLICIT_RETAIN_SELF = YES;
				CLANG_WARN_OBJC_LITERAL_CONVERSION = YES;
				CLANG_WARN_OBJC_ROOT_CLASS = YES_ERROR;
				CLANG_WARN_RANGE_LOOP_ANALYSIS = YES;
				CLANG_WARN_STRICT_PROTOTYPES = YES;
				CLANG_WARN_SUSPICIOUS_MOVE = YES;
				CLANG_WARN_UNGUARDED_AVAILABILITY = YES_AGGRESSIVE;
				CLANG_WARN_UNREACHABLE_CODE = YES;
				CLANG_WARN__DUPLICATE_METHOD_MATCH = YES;
				CODE_SIGN_IDENTITY = "-";
				COPY_PHASE_STRIP = NO;
				DEBUG_INFORMATION_FORMAT = dwarf;
				ENABLE_STRICT_OBJC_MSGSEND = YES;
				ENABLE_TESTABILITY = YES;
				GCC_C_LANGUAGE_STANDARD = gnu11;
				GCC_DYNAMIC_NO_PIC = NO;
				GCC_NO_COMMON_BLOCKS = YES;
				GCC_OPTIMIZATION_LEVEL = 0;
				GCC_PREPROCESSOR_DEFINITIONS = (
					"DEBUG=1",
					"$(inherited)",
				);
				GCC_WARN_64_TO_32_BIT_CONVERSION = YES;
				GCC_WARN_ABOUT_RETURN_TYPE = YES_ERROR;
				GCC_WARN_UNDECLARED_SELECTOR = YES;
				GCC_WARN_UNINITIALIZED_AUTOS = YES_AGGRESSIVE;
				GCC_WARN_UNUSED_FUNCTION = YES;
				GCC_WARN_UNUSED_VARIABLE = YES;
				MACOSX_DEPLOYMENT_TARGET = 10.14;
				MTL_ENABLE_DEBUG_INFO = INCLUDE_SOURCE;
				MTL_FAST_MATH = YES;
				ONLY_ACTIVE_ARCH = YES;
				SDKROOT = macosx;
			};
			name = Debug;
		};
		8F8D550922CF0C6800C62BBF /* Release */ = {
			isa = XCBuildConfiguration;
			buildSettings = {
				ALWAYS_SEARCH_USER_PATHS = NO;
				CLANG_ANALYZER_NONNULL = YES;
				CLANG_ANALYZER_NUMBER_OBJECT_CONVERSION = YES_AGGRESSIVE;
				CLANG_CXX_LANGUAGE_STANDARD = "gnu++14";
				CLANG_CXX_LIBRARY = "libc++";
				CLANG_ENABLE_MODULES = YES;
				CLANG_ENABLE_OBJC_ARC = YES;
				CLANG_ENABLE_OBJC_WEAK = YES;
				CLANG_WARN_BLOCK_CAPTURE_AUTORELEASING = YES;
				CLANG_WARN_BOOL_CONVERSION = YES;
				CLANG_WARN_COMMA = YES;
				CLANG_WARN_CONSTANT_CONVERSION = YES;
				CLANG_WARN_DEPRECATED_OBJC_IMPLEMENTATIONS = YES;
				CLANG_WARN_DIRECT_OBJC_ISA_USAGE = YES_ERROR;
				CLANG_WARN_DOCUMENTATION_COMMENTS = YES;
				CLANG_WARN_EMPTY_BODY = YES;
				CLANG_WARN_ENUM_CONVERSION = YES;
				CLANG_WARN_INFINITE_RECURSION = YES;
				CLANG_WARN_INT_CONVERSION = YES;
				CLANG_WARN_NON_LITERAL_NULL_CONVERSION = YES;
				CLANG_WARN_OBJC_IMPLICIT_RETAIN_SELF = YES;
				CLANG_WARN_OBJC_LITERAL_CONVERSION = YES;
				CLANG_WARN_OBJC_ROOT_CLASS = YES_ERROR;
				CLANG_WARN_RANGE_LOOP_ANALYSIS = YES;
				CLANG_WARN_STRICT_PROTOTYPES = YES;
				CLANG_WARN_SUSPICIOUS_MOVE = YES;
				CLANG_WARN_UNGUARDED_AVAILABILITY = YES_AGGRESSIVE;
				CLANG_WARN_UNREACHABLE_CODE = YES;
				CLANG_WARN__DUPLICATE_METHOD_MATCH = YES;
				CODE_SIGN_IDENTITY = "-";
				COPY_PHASE_STRIP = NO;
				DEBUG_INFORMATION_FORMAT = "dwarf-with-dsym";
				ENABLE_NS_ASSERTIONS = NO;
				ENABLE_STRICT_OBJC_MSGSEND = YES;
				GCC_C_LANGUAGE_STANDARD = gnu11;
				GCC_NO_COMMON_BLOCKS = YES;
				GCC_WARN_64_TO_32_BIT_CONVERSION = YES;
				GCC_WARN_ABOUT_RETURN_TYPE = YES_ERROR;
				GCC_WARN_UNDECLARED_SELECTOR = YES;
				GCC_WARN_UNINITIALIZED_AUTOS = YES_AGGRESSIVE;
				GCC_WARN_UNUSED_FUNCTION = YES;
				GCC_WARN_UNUSED_VARIABLE = YES;
				MACOSX_DEPLOYMENT_TARGET = 10.14;
				MTL_ENABLE_DEBUG_INFO = NO;
				MTL_FAST_MATH = YES;
				SDKROOT = macosx;
			};
			name = Release;
		};
		8F8D550B22CF0C6800C62BBF /* Debug */ = {
			isa = XCBuildConfiguration;
			buildSettings = {
				ASSETCATALOG_COMPILER_APPICON_NAME = AppIcon;
				CODE_SIGN_ENTITLEMENTS = AmazonScraper/AmazonScraper.entitlements;
				CODE_SIGN_STYLE = Automatic;
				COMBINE_HIDPI_IMAGES = YES;
				INFOPLIST_FILE = AmazonScraper/Info.plist;
				LD_RUNPATH_SEARCH_PATHS = (
					"$(inherited)",
					"@executable_path/../Frameworks",
				);
				MACOSX_DEPLOYMENT_TARGET = 10.14;
				PRODUCT_BUNDLE_IDENTIFIER = AtlasDev.AmazonScraper;
				PRODUCT_NAME = "$(TARGET_NAME)";
			};
			name = Debug;
		};
		8F8D550C22CF0C6800C62BBF /* Release */ = {
			isa = XCBuildConfiguration;
			buildSettings = {
				ASSETCATALOG_COMPILER_APPICON_NAME = AppIcon;
				CODE_SIGN_ENTITLEMENTS = AmazonScraper/AmazonScraper.entitlements;
				CODE_SIGN_STYLE = Automatic;
				COMBINE_HIDPI_IMAGES = YES;
				INFOPLIST_FILE = AmazonScraper/Info.plist;
				LD_RUNPATH_SEARCH_PATHS = (
					"$(inherited)",
					"@executable_path/../Frameworks",
				);
				MACOSX_DEPLOYMENT_TARGET = 10.14;
				PRODUCT_BUNDLE_IDENTIFIER = AtlasDev.AmazonScraper;
				PRODUCT_NAME = "$(TARGET_NAME)";
			};
			name = Release;
		};
		8F8D550E22CF0C6800C62BBF /* Debug */ = {
			isa = XCBuildConfiguration;
			buildSettings = {
				BUNDLE_LOADER = "$(TEST_HOST)";
				CODE_SIGN_STYLE = Automatic;
				COMBINE_HIDPI_IMAGES = YES;
				INFOPLIST_FILE = AmazonScraperTests/Info.plist;
				LD_RUNPATH_SEARCH_PATHS = (
					"$(inherited)",
					"@executable_path/../Frameworks",
					"@loader_path/../Frameworks",
				);
				PRODUCT_BUNDLE_IDENTIFIER = AtlasDev.AmazonScraperTests;
				PRODUCT_NAME = "$(TARGET_NAME)";
				TEST_HOST = "$(BUILT_PRODUCTS_DIR)/AmazonScraper.app/Contents/MacOS/AmazonScraper";
			};
			name = Debug;
		};
		8F8D550F22CF0C6800C62BBF /* Release */ = {
			isa = XCBuildConfiguration;
			buildSettings = {
				BUNDLE_LOADER = "$(TEST_HOST)";
				CODE_SIGN_STYLE = Automatic;
				COMBINE_HIDPI_IMAGES = YES;
				INFOPLIST_FILE = AmazonScraperTests/Info.plist;
				LD_RUNPATH_SEARCH_PATHS = (
					"$(inherited)",
					"@executable_path/../Frameworks",
					"@loader_path/../Frameworks",
				);
				PRODUCT_BUNDLE_IDENTIFIER = AtlasDev.AmazonScraperTests;
				PRODUCT_NAME = "$(TARGET_NAME)";
				TEST_HOST = "$(BUILT_PRODUCTS_DIR)/AmazonScraper.app/Contents/MacOS/AmazonScraper";
			};
			name = Release;
		};
		8F8D551122CF0C6800C62BBF /* Debug */ = {
			isa = XCBuildConfiguration;
			buildSettings = {
				CODE_SIGN_STYLE = Automatic;
				COMBINE_HIDPI_IMAGES = YES;
				INFOPLIST_FILE = AmazonScraperUITests/Info.plist;
				LD_RUNPATH_SEARCH_PATHS = (
					"$(inherited)",
					"@executable_path/../Frameworks",
					"@loader_path/../Frameworks",
				);
				PRODUCT_BUNDLE_IDENTIFIER = AtlasDev.AmazonScraperUITests;
				PRODUCT_NAME = "$(TARGET_NAME)";
				TEST_TARGET_NAME = AmazonScraper;
			};
			name = Debug;
		};
		8F8D551222CF0C6800C62BBF /* Release */ = {
			isa = XCBuildConfiguration;
			buildSettings = {
				CODE_SIGN_STYLE = Automatic;
				COMBINE_HIDPI_IMAGES = YES;
				INFOPLIST_FILE = AmazonScraperUITests/Info.plist;
				LD_RUNPATH_SEARCH_PATHS = (
					"$(inherited)",
					"@executable_path/../Frameworks",
					"@loader_path/../Frameworks",
				);
				PRODUCT_BUNDLE_IDENTIFIER = AtlasDev.AmazonScraperUITests;
				PRODUCT_NAME = "$(TARGET_NAME)";
				TEST_TARGET_NAME = AmazonScraper;
			};
			name = Release;
		};
/* End XCBuildConfiguration section */

/* Begin XCConfigurationList section */
		8F8D54DB22CF0C6700C62BBF /* Build configuration list for PBXProject "AmazonScraper" */ = {
			isa = XCConfigurationList;
			buildConfigurations = (
				8F8D550822CF0C6800C62BBF /* Debug */,
				8F8D550922CF0C6800C62BBF /* Release */,
			);
			defaultConfigurationIsVisible = 0;
			defaultConfigurationName = Release;
		};
		8F8D550A22CF0C6800C62BBF /* Build configuration list for PBXNativeTarget "AmazonScraper" */ = {
			isa = XCConfigurationList;
			buildConfigurations = (
				8F8D550B22CF0C6800C62BBF /* Debug */,
				8F8D550C22CF0C6800C62BBF /* Release */,
			);
			defaultConfigurationIsVisible = 0;
			defaultConfigurationName = Release;
		};
		8F8D550D22CF0C6800C62BBF /* Build configuration list for PBXNativeTarget "AmazonScraperTests" */ = {
			isa = XCConfigurationList;
			buildConfigurations = (
				8F8D550E22CF0C6800C62BBF /* Debug */,
				8F8D550F22CF0C6800C62BBF /* Release */,
			);
			defaultConfigurationIsVisible = 0;
			defaultConfigurationName = Release;
		};
		8F8D551022CF0C6800C62BBF /* Build configuration list for PBXNativeTarget "AmazonScraperUITests" */ = {
			isa = XCConfigurationList;
			buildConfigurations = (
				8F8D551122CF0C6800C62BBF /* Debug */,
				8F8D551222CF0C6800C62BBF /* Release */,
			);
			defaultConfigurationIsVisible = 0;
			defaultConfigurationName = Release;
		};
/* End XCConfigurationList section */
	};
	rootObject = 8F8D54D822CF0C6700C62BBF /* Project object */;
}
